
Microsoft Visual Studio Solution File, Format Version 12.00
# Visual Studio Version 17
VisualStudioVersion = 17.1.32414.318
MinimumVisualStudioVersion = 10.0.40219.1
Project("{FAE04EC0-301F-11D3-BF4B-00C04F79EFBC}") = "WebBanQA", "WebBanQA\WebBanQA.csproj", "{ACC78877-DE81-46E0-AE3A-38534DC43119}"
EndProject
Global
	GlobalSection(SolutionConfigurationPlatforms) = preSolution
		Debug|Any CPU = Debug|Any CPU
		Release|Any CPU = Release|Any CPU
	EndGlobalSection
	GlobalSection(ProjectConfigurationPlatforms) = postSolution
		{ACC78877-DE81-46E0-AE3A-38534DC43119}.Debug|Any CPU.ActiveCfg = Debug|Any CPU
		{ACC78877-DE81-46E0-AE3A-38534DC43119}.Debug|Any CPU.Build.0 = Debug|Any CPU
		{ACC78877-DE81-46E0-AE3A-38534DC43119}.Release|Any CPU.ActiveCfg = Release|Any CPU
		{ACC78877-DE81-46E0-AE3A-38534DC43119}.Release|Any CPU.Build.0 = Release|Any CPU
	EndGlobalSection
	GlobalSection(SolutionProperties) = preSolution
		HideSolutionNode = FALSE
	EndGlobalSection
	GlobalSection(ExtensibilityGlobals) = postSolution
		SolutionGuid = {ED3D3EB6-A635-40FE-9595-A29BD969E338}
	EndGlobalSection
EndGlobal
